
Microsoft Visual Studio Solution File, Format Version 12.00
# Visual Studio Version 16
VisualStudioVersion = 16.0.30011.22
MinimumVisualStudioVersion = 10.0.40219.1
Project("{FAE04EC0-301F-11D3-BF4B-00C04F79EFBC}") = "SeanClarkAssgt", "SeanClarkAssgt\SeanClarkAssgt.csproj", "{7B04A484-ABCE-4863-8FC7-A8AC87AB0973}"
EndProject
Global
	GlobalSection(SolutionConfigurationPlatforms) = preSolution
		Debug|Any CPU = Debug|Any CPU
		Release|Any CPU = Release|Any CPU
	EndGlobalSection
	GlobalSection(ProjectConfigurationPlatforms) = postSolution
		{7B04A484-ABCE-4863-8FC7-A8AC87AB0973}.Debug|Any CPU.ActiveCfg = Debug|Any CPU
		{7B04A484-ABCE-4863-8FC7-A8AC87AB0973}.Debug|Any CPU.Build.0 = Debug|Any CPU
		{7B04A484-ABCE-4863-8FC7-A8AC87AB0973}.Release|Any CPU.ActiveCfg = Release|Any CPU
		{7B04A484-ABCE-4863-8FC7-A8AC87AB0973}.Release|Any CPU.Build.0 = Release|Any CPU
	EndGlobalSection
	GlobalSection(SolutionProperties) = preSolution
		HideSolutionNode = FALSE
	EndGlobalSection
	GlobalSection(ExtensibilityGlobals) = postSolution
		SolutionGuid = {E1283719-2423-4F5B-99C8-F1B02C5ADC66}
	EndGlobalSection
EndGlobal
